
Microsoft Visual Studio Solution File, Format Version 12.00
# Visual Studio Version 16
VisualStudioVersion = 16.0.30907.101
MinimumVisualStudioVersion = 10.0.40219.1
Project("{F184B08F-C81C-45F6-A57F-5ABD9991F28F}") = "Seminar", "Seminar.vbproj", "{61EB01AF-7579-466E-A356-DAB7C0FF7E2F}"
EndProject
Global
	GlobalSection(SolutionConfigurationPlatforms) = preSolution
		Debug|Any CPU = Debug|Any CPU
		Release|Any CPU = Release|Any CPU
	EndGlobalSection
	GlobalSection(ProjectConfigurationPlatforms) = postSolution
		{61EB01AF-7579-466E-A356-DAB7C0FF7E2F}.Debug|Any CPU.ActiveCfg = Debug|Any CPU
		{61EB01AF-7579-466E-A356-DAB7C0FF7E2F}.Debug|Any CPU.Build.0 = Debug|Any CPU
		{61EB01AF-7579-466E-A356-DAB7C0FF7E2F}.Release|Any CPU.ActiveCfg = Release|Any CPU
		{61EB01AF-7579-466E-A356-DAB7C0FF7E2F}.Release|Any CPU.Build.0 = Release|Any CPU
	EndGlobalSection
	GlobalSection(SolutionProperties) = preSolution
		HideSolutionNode = FALSE
	EndGlobalSection
	GlobalSection(ExtensibilityGlobals) = postSolution
		SolutionGuid = {8F236788-31AB-48BC-82B1-D2C01E574A74}
	EndGlobalSection
EndGlobal
